{
  "name": "bulletproof-react-skills-generator",
  "version": "0.1.0",
  "lockfileVersion": 3,
  "requires": true,
  "packages": {
    "": {
      "name": "bulletproof-react-skills-generator",
      "version": "0.1.0",
      "devDependencies": {
        "bulletproof-react": "git+https://github.com/alan2207/bulletproof-react.git#9506629ed003a561c6627735480cce4994244bb4"
      }
    },
    "node_modules/bulletproof-react": {
      "version": "1.0.0",
      "resolved": "git+ssh://git@github.com/alan2207/bulletproof-react.git#9506629ed003a561c6627735480cce4994244bb4",
      "integrity": "sha512-kjlvY7CegQ5DVHoI4zNOnWgObzWBWmOREG7pL3wanrghEKYyJOMiX9f0OMC0wbl+cmV5p2hVKoSlv26zYSZxIw==",
      "dev": true,
      "license": "MIT"
    }
  }
}
